github.com/chonla/rnd v0.0.0-20180817065015-073227f62713 h1:BBoyUrCwfifwrPZzO5tKTqOUZQKkfkjd39VtQkXmPUc=
github.com/chonla/rnd v0.0.0-20180817065015-073227f62713/go.mod h1:5h3P8JIj4ndLUierkFdl9Narf3RysYmxA37D9BnF0LE=
github.com/chonla/rnd v0.0.3 h1:SxQPTM2Mj9/VW6DmYVEaeY5pzVKJTpeOlfr+DrFY8F8=
github.com/chonla/rnd v0.0.3/go.mod h1:kTf47gJbaVaTkk6B/w610DmmNl03jVUhtyP9p2qAsUg=
